// !$*UTF8*$!
{
	archiveVersion = 1;
	classes = {
	};
	objectVersion = 51;
	objects = {

/* Begin PBXBuildFile section */
		393A7FB62C4B2C523144A5C1 /* Pods_TestProjTests.framework in Frameworks */ = {isa = PBXBuildFile; fileRef = 258FCF381CE5E9955E2682A6 /* Pods_TestProjTests.framework */; };
		494A7419CE478F861733DB4F /* Pods_TestProj.framework in Frameworks */ = {isa = PBXBuildFile; fileRef = 6437FDFA4F121C8F08BECE3B /* Pods_TestProj.framework */; };
		520A6556242181CF0059F2A6 /* AppDelegate.swift in Sources */ = {isa = PBXBuildFile; fileRef = 520A6555242181CF0059F2A6 /* AppDelegate.swift */; };
		520A6558242181CF0059F2A6 /* SceneDelegate.swift in Sources */ = {isa = PBXBuildFile; fileRef = 520A6557242181CF0059F2A6 /* SceneDelegate.swift */; };
		520A655A242181CF0059F2A6 /* ViewController.swift in Sources */ = {isa = PBXBuildFile; fileRef = 520A6559242181CF0059F2A6 /* ViewController.swift */; };
		520A655D242181CF0059F2A6 /* Main.storyboard in Resources */ = {isa = PBXBuildFile; fileRef = 520A655B242181CF0059F2A6 /* Main.storyboard */; };
		520A655F242181D40059F2A6 /* Assets.xcassets in Resources */ = {isa = PBXBuildFile; fileRef = 520A655E242181D40059F2A6 /* Assets.xcassets */; };
		520A6562242181D40059F2A6 /* LaunchScreen.storyboard in Resources */ = {isa = PBXBuildFile; fileRef = 520A6560242181D40059F2A6 /* LaunchScreen.storyboard */; };
		520A656D242181D40059F2A6 /* TestProjTests.swift in Sources */ = {isa = PBXBuildFile; fileRef = 520A656C242181D40059F2A6 /* TestProjTests.swift */; };
		520A6578242181D40059F2A6 /* TestProjUITests.swift in Sources */ = {isa = PBXBuildFile; fileRef = 520A6577242181D40059F2A6 /* TestProjUITests.swift */; };
		D34EEF58A9D0DC0EAB6C3391 /* Pods_TestProj_TestProjUITests.framework in Frameworks */ = {isa = PBXBuildFile; fileRef = 436E86AF38201F495B9C2DB7 /* Pods_TestProj_TestProjUITests.framework */; };
/* End PBXBuildFile section */

/* Begin PBXContainerItemProxy section */
		520A6569242181D40059F2A6 /* PBXContainerItemProxy */ = {
			isa = PBXContainerItemProxy;
			containerPortal = 520A654A242181CF0059F2A6 /* Project object */;
			proxyType = 1;
			remoteGlobalIDString = 520A6551242181CF0059F2A6;
			remoteInfo = TestProj;
		};
		520A6574242181D40059F2A6 /* PBXContainerItemProxy */ = {
			isa = PBXContainerItemProxy;
			containerPortal = 520A654A242181CF0059F2A6 /* Project object */;
			proxyType = 1;
			remoteGlobalIDString = 520A6551242181CF0059F2A6;
			remoteInfo = TestProj;
		};
/* End PBXContainerItemProxy section */

/* Begin PBXFileReference section */
		258FCF381CE5E9955E2682A6 /* Pods_TestProjTests.framework */ = {isa = PBXFileReference; explicitFileType = wrapper.framework; includeInIndex = 0; path = Pods_TestProjTests.framework; sourceTree = BUILT_PRODUCTS_DIR; };
		436E86AF38201F495B9C2DB7 /* Pods_TestProj_TestProjUITests.framework */ = {isa = PBXFileReference; explicitFileType = wrapper.framework; includeInIndex = 0; path = Pods_TestProj_TestProjUITests.framework; sourceTree = BUILT_PRODUCTS_DIR; };
		520A6552242181CF0059F2A6 /* TestProj.app */ = {isa = PBXFileReference; explicitFileType = wrapper.application; includeInIndex = 0; path = TestProj.app; sourceTree = BUILT_PRODUCTS_DIR; };
		520A6555242181CF0059F2A6 /* AppDelegate.swift */ = {isa = PBXFileReference; lastKnownFileType = sourcecode.swift; path = AppDelegate.swift; sourceTree = "<group>"; };
		520A6557242181CF0059F2A6 /* SceneDelegate.swift */ = {isa = PBXFileReference; lastKnownFileType = sourcecode.swift; path = SceneDelegate.swift; sourceTree = "<group>"; };
		520A6559242181CF0059F2A6 /* ViewController.swift */ = {isa = PBXFileReference; lastKnownFileType = sourcecode.swift; path = ViewController.swift; sourceTree = "<group>"; };
		520A655C242181CF0059F2A6 /* Base */ = {isa = PBXFileReference; lastKnownFileType = file.storyboard; name = Base; path = Base.lproj/Main.storyboard; sourceTree = "<group>"; };
		520A655E242181D40059F2A6 /* Assets.xcassets */ = {isa = PBXFileReference; lastKnownFileType = folder.assetcatalog; path = Assets.xcassets; sourceTree = "<group>"; };
		520A6561242181D40059F2A6 /* Base */ = {isa = PBXFileReference; lastKnownFileType = file.storyboard; name = Base; path = Base.lproj/LaunchScreen.storyboard; sourceTree = "<group>"; };
		520A6563242181D40059F2A6 /* Info.plist */ = {isa = PBXFileReference; lastKnownFileType = text.plist.xml; path = Info.plist; sourceTree = "<group>"; };
		520A6568242181D40059F2A6 /* TestProjTests.xctest */ = {isa = PBXFileReference; explicitFileType = wrapper.cfbundle; includeInIndex = 0; path = TestProjTests.xctest; sourceTree = BUILT_PRODUCTS_DIR; };
		520A656C242181D40059F2A6 /* TestProjTests.swift */ = {isa = PBXFileReference; lastKnownFileType = sourcecode.swift; path = TestProjTests.swift; sourceTree = "<group>"; };
		520A656E242181D40059F2A6 /* Info.plist */ = {isa = PBXFileReference; lastKnownFileType = text.plist.xml; path = Info.plist; sourceTree = "<group>"; };
		520A6573242181D40059F2A6 /* TestProjUITests.xctest */ = {isa = PBXFileReference; explicitFileType = wrapper.cfbundle; includeInIndex = 0; path = TestProjUITests.xctest; sourceTree = BUILT_PRODUCTS_DIR; };
		520A6577242181D40059F2A6 /* TestProjUITests.swift */ = {isa = PBXFileReference; lastKnownFileType = sourcecode.swift; path = TestProjUITests.swift; sourceTree = "<group>"; };
		520A6579242181D40059F2A6 /* Info.plist */ = {isa = PBXFileReference; lastKnownFileType = text.plist.xml; path = Info.plist; sourceTree = "<group>"; };
		5F4EBC317E4A61F608454CE6 /* Pods-TestProj-TestProjUITests.release.xcconfig */ = {isa = PBXFileReference; includeInIndex = 1; lastKnownFileType = text.xcconfig; name = "Pods-TestProj-TestProjUITests.release.xcconfig"; path = "Target Support Files/Pods-TestProj-TestProjUITests/Pods-TestProj-TestProjUITests.release.xcconfig"; sourceTree = "<group>"; };
		6437FDFA4F121C8F08BECE3B /* Pods_TestProj.framework */ = {isa = PBXFileReference; explicitFileType = wrapper.framework; includeInIndex = 0; path = Pods_TestProj.framework; sourceTree = BUILT_PRODUCTS_DIR; };
		802C0AC733C5EC8490D7A70A /* Pods-TestProj-TestProjUITests.debug.xcconfig */ = {isa = PBXFileReference; includeInIndex = 1; lastKnownFileType = text.xcconfig; name = "Pods-TestProj-TestProjUITests.debug.xcconfig"; path = "Target Support Files/Pods-TestProj-TestProjUITests/Pods-TestProj-TestProjUITests.debug.xcconfig"; sourceTree = "<group>"; };
		8A07333D4C8C1DA030BBBC04 /* Pods-TestProj.debug.xcconfig */ = {isa = PBXFileReference; includeInIndex = 1; lastKnownFileType = text.xcconfig; name = "Pods-TestProj.debug.xcconfig"; path = "Target Support Files/Pods-TestProj/Pods-TestProj.debug.xcconfig"; sourceTree = "<group>"; };
		AAFC4865C27AB7428FD2348D /* Pods-TestProjTests.release.xcconfig */ = {isa = PBXFileReference; includeInIndex = 1; lastKnownFileType = text.xcconfig; name = "Pods-TestProjTests.release.xcconfig"; path = "Target Support Files/Pods-TestProjTests/Pods-TestProjTests.release.xcconfig"; sourceTree = "<group>"; };
		ACBD734058303ADC99CACAE0 /* Pods-TestProjTests.debug.xcconfig */ = {isa = PBXFileReference; includeInIndex = 1; lastKnownFileType = text.xcconfig; name = "Pods-TestProjTests.debug.xcconfig"; path = "Target Support Files/Pods-TestProjTests/Pods-TestProjTests.debug.xcconfig"; sourceTree = "<group>"; };
		AD95128BA980A0287F407A4A /* Pods-TestProj.release.xcconfig */ = {isa = PBXFileReference; includeInIndex = 1; lastKnownFileType = text.xcconfig; name = "Pods-TestProj.release.xcconfig"; path = "Target Support Files/Pods-TestProj/Pods-TestProj.release.xcconfig"; sourceTree = "<group>"; };
/* End PBXFileReference section */

/* Begin PBXFrameworksBuildPhase section */
		520A654F242181CF0059F2A6 /* Frameworks */ = {
			isa = PBXFrameworksBuildPhase;
			buildActionMask = 2147483647;
			files = (
				494A7419CE478F861733DB4F /* Pods_TestProj.framework in Frameworks */,
			);
			runOnlyForDeploymentPostprocessing = 0;
		};
		520A6565242181D40059F2A6 /* Frameworks */ = {
			isa = PBXFrameworksBuildPhase;
			buildActionMask = 2147483647;
			files = (
				393A7FB62C4B2C523144A5C1 /* Pods_TestProjTests.framework in Frameworks */,
			);
			runOnlyForDeploymentPostprocessing = 0;
		};
		520A6570242181D40059F2A6 /* Frameworks */ = {
			isa = PBXFrameworksBuildPhase;
			buildActionMask = 2147483647;
			files = (
				D34EEF58A9D0DC0EAB6C3391 /* Pods_TestProj_TestProjUITests.framework in Frameworks */,
			);
			runOnlyForDeploymentPostprocessing = 0;
		};
/* End PBXFrameworksBuildPhase section */

/* Begin PBXGroup section */
		05D335DB3234125E0F33F090 /* Frameworks */ = {
			isa = PBXGroup;
			children = (
				6437FDFA4F121C8F08BECE3B /* Pods_TestProj.framework */,
				436E86AF38201F495B9C2DB7 /* Pods_TestProj_TestProjUITests.framework */,
				258FCF381CE5E9955E2682A6 /* Pods_TestProjTests.framework */,
			);
			name = Frameworks;
			sourceTree = "<group>";
		};
		40D929B7D0986A04394C84C7 /* Pods */ = {
			isa = PBXGroup;
			children = (
				8A07333D4C8C1DA030BBBC04 /* Pods-TestProj.debug.xcconfig */,
				AD95128BA980A0287F407A4A /* Pods-TestProj.release.xcconfig */,
				802C0AC733C5EC8490D7A70A /* Pods-TestProj-TestProjUITests.debug.xcconfig */,
				5F4EBC317E4A61F608454CE6 /* Pods-TestProj-TestProjUITests.release.xcconfig */,
				ACBD734058303ADC99CACAE0 /* Pods-TestProjTests.debug.xcconfig */,
				AAFC4865C27AB7428FD2348D /* Pods-TestProjTests.release.xcconfig */,
			);
			path = Pods;
			sourceTree = "<group>";
		};
		520A6549242181CF0059F2A6 = {
			isa = PBXGroup;
			children = (
				520A6554242181CF0059F2A6 /* TestProj */,
				520A656B242181D40059F2A6 /* TestProjTests */,
				520A6576242181D40059F2A6 /* TestProjUITests */,
				520A6553242181CF0059F2A6 /* Products */,
				40D929B7D0986A04394C84C7 /* Pods */,
				05D335DB3234125E0F33F090 /* Frameworks */,
			);
			sourceTree = "<group>";
		};
		520A6553242181CF0059F2A6 /* Products */ = {
			isa = PBXGroup;
			children = (
				520A6552242181CF0059F2A6 /* TestProj.app */,
				520A6568242181D40059F2A6 /* TestProjTests.xctest */,
				520A6573242181D40059F2A6 /* TestProjUITests.xctest */,
			);
			name = Products;
			sourceTree = "<group>";
		};
		520A6554242181CF0059F2A6 /* TestProj */ = {
			isa = PBXGroup;
			children = (
				520A6555242181CF0059F2A6 /* AppDelegate.swift */,
				520A6557242181CF0059F2A6 /* SceneDelegate.swift */,
				520A6559242181CF0059F2A6 /* ViewController.swift */,
				520A655B242181CF0059F2A6 /* Main.storyboard */,
				520A655E242181D40059F2A6 /* Assets.xcassets */,
				520A6560242181D40059F2A6 /* LaunchScreen.storyboard */,
				520A6563242181D40059F2A6 /* Info.plist */,
			);
			path = TestProj;
			sourceTree = "<group>";
		};
		520A656B242181D40059F2A6 /* TestProjTests */ = {
			isa = PBXGroup;
			children = (
				520A656C242181D40059F2A6 /* TestProjTests.swift */,
				520A656E242181D40059F2A6 /* Info.plist */,
			);
			path = TestProjTests;
			sourceTree = "<group>";
		};
		520A6576242181D40059F2A6 /* TestProjUITests */ = {
			isa = PBXGroup;
			children = (
				520A6577242181D40059F2A6 /* TestProjUITests.swift */,
				520A6579242181D40059F2A6 /* Info.plist */,
			);
			path = TestProjUITests;
			sourceTree = "<group>";
		};
/* End PBXGroup section */

/* Begin PBXNativeTarget section */
		520A6551242181CF0059F2A6 /* TestProj */ = {
			isa = PBXNativeTarget;
			buildConfigurationList = 520A657C242181D40059F2A6 /* Build configuration list for PBXNativeTarget "TestProj" */;
			buildPhases = (
				693089BC7A4E46D9B490BF0F /* [CP] Check Pods Manifest.lock */,
				520A654E242181CF0059F2A6 /* Sources */,
				520A654F242181CF0059F2A6 /* Frameworks */,
				520A6550242181CF0059F2A6 /* Resources */,
				836527183823415A9039FEFB /* [CP] Embed Pods Frameworks */,
			);
			buildRules = (
			);
			dependencies = (
			);
			name = TestProj;
			packageProductDependencies = (
			);
			productName = TestProj;
			productReference = 520A6552242181CF0059F2A6 /* TestProj.app */;
			productType = "com.apple.product-type.application";
		};
		520A6567242181D40059F2A6 /* TestProjTests */ = {
			isa = PBXNativeTarget;
			buildConfigurationList = 520A657F242181D40059F2A6 /* Build configuration list for PBXNativeTarget "TestProjTests" */;
			buildPhases = (
				473E47978A15223317238314 /* [CP] Check Pods Manifest.lock */,
				520A6564242181D40059F2A6 /* Sources */,
				520A6565242181D40059F2A6 /* Frameworks */,
				520A6566242181D40059F2A6 /* Resources */,
			);
			buildRules = (
			);
			dependencies = (
				520A656A242181D40059F2A6 /* PBXTargetDependency */,
			);
			name = TestProjTests;
			productName = TestProjTests;
			productReference = 520A6568242181D40059F2A6 /* TestProjTests.xctest */;
			productType = "com.apple.product-type.bundle.unit-test";
		};
		520A6572242181D40059F2A6 /* TestProjUITests */ = {
			isa = PBXNativeTarget;
			buildConfigurationList = 520A6582242181D40059F2A6 /* Build configuration list for PBXNativeTarget "TestProjUITests" */;
			buildPhases = (
				610B09020490AC59D738F034 /* [CP] Check Pods Manifest.lock */,
				520A656F242181D40059F2A6 /* Sources */,
				520A6570242181D40059F2A6 /* Frameworks */,
				520A6571242181D40059F2A6 /* Resources */,
				5A59FB223FA4F30BFBD6AA2B /* [CP] Embed Pods Frameworks */,
			);
			buildRules = (
			);
			dependencies = (
				520A6575242181D40059F2A6 /* PBXTargetDependency */,
			);
			name = TestProjUITests;
			productName = TestProjUITests;
			productReference = 520A6573242181D40059F2A6 /* TestProjUITests.xctest */;
			productType = "com.apple.product-type.bundle.ui-testing";
		};
/* End PBXNativeTarget section */

/* Begin PBXProject section */
		520A654A242181CF0059F2A6 /* Project object */ = {
			isa = PBXProject;
			attributes = {
				LastSwiftUpdateCheck = 1130;
				LastUpgradeCheck = 1130;
				ORGANIZATIONNAME = alhamrani;
				TargetAttributes = {
					520A6551242181CF0059F2A6 = {
						CreatedOnToolsVersion = 11.3.1;
					};
					520A6567242181D40059F2A6 = {
						CreatedOnToolsVersion = 11.3.1;
						TestTargetID = 520A6551242181CF0059F2A6;
					};
					520A6572242181D40059F2A6 = {
						CreatedOnToolsVersion = 11.3.1;
						TestTargetID = 520A6551242181CF0059F2A6;
					};
				};
			};
			buildConfigurationList = 520A654D242181CF0059F2A6 /* Build configuration list for PBXProject "TestProj" */;
			compatibilityVersion = "Xcode 9.3";
			developmentRegion = en;
			hasScannedForEncodings = 0;
			knownRegions = (
				en,
				Base,
			);
			mainGroup = 520A6549242181CF0059F2A6;
			packageReferences = (
			);
			productRefGroup = 520A6553242181CF0059F2A6 /* Products */;
			projectDirPath = "";
			projectRoot = "";
			targets = (
				520A6551242181CF0059F2A6 /* TestProj */,
				520A6567242181D40059F2A6 /* TestProjTests */,
				520A6572242181D40059F2A6 /* TestProjUITests */,
			);
		};
/* End PBXProject section */

/* Begin PBXResourcesBuildPhase section */
		520A6550242181CF0059F2A6 /* Resources */ = {
			isa = PBXResourcesBuildPhase;
			buildActionMask = 2147483647;
			files = (
				520A6562242181D40059F2A6 /* LaunchScreen.storyboard in Resources */,
				520A655F242181D40059F2A6 /* Assets.xcassets in Resources */,
				520A655D242181CF0059F2A6 /* Main.storyboard in Resources */,
			);
			runOnlyForDeploymentPostprocessing = 0;
		};
		520A6566242181D40059F2A6 /* Resources */ = {
			isa = PBXResourcesBuildPhase;
			buildActionMask = 2147483647;
			files = (
			);
			runOnlyForDeploymentPostprocessing = 0;
		};
		520A6571242181D40059F2A6 /* Resources */ = {
			isa = PBXResourcesBuildPhase;
			buildActionMask = 2147483647;
			files = (
			);
			runOnlyForDeploymentPostprocessing = 0;
		};
/* End PBXResourcesBuildPhase section */

/* Begin PBXShellScriptBuildPhase section */
		473E47978A15223317238314 /* [CP] Check Pods Manifest.lock */ = {
			isa = PBXShellScriptBuildPhase;
			buildActionMask = 2147483647;
			files = (
			);
			inputFileListPaths = (
			);
			inputPaths = (
				"${PODS_PODFILE_DIR_PATH}/Podfile.lock",
				"${PODS_ROOT}/Manifest.lock",
			);
			name = "[CP] Check Pods Manifest.lock";
			outputFileListPaths = (
			);
			outputPaths = (
				"$(DERIVED_FILE_DIR)/Pods-TestProjTests-checkManifestLockResult.txt",
			);
			runOnlyForDeploymentPostprocessing = 0;
			shellPath = /bin/sh;
			shellScript = "diff \"${PODS_PODFILE_DIR_PATH}/Podfile.lock\" \"${PODS_ROOT}/Manifest.lock\" > /dev/null\nif [ $? != 0 ] ; then\n    # print error to STDERR\n    echo \"error: The sandbox is not in sync with the Podfile.lock. Run 'pod install' or update your CocoaPods installation.\" >&2\n    exit 1\nfi\n# This output is used by Xcode 'outputs' to avoid re-running this script phase.\necho \"SUCCESS\" > \"${SCRIPT_OUTPUT_FILE_0}\"\n";
			showEnvVarsInLog = 0;
		};
		5A59FB223FA4F30BFBD6AA2B /* [CP] Embed Pods Frameworks */ = {
			isa = PBXShellScriptBuildPhase;
			buildActionMask = 2147483647;
			files = (
			);
			inputFileListPaths = (
				"${PODS_ROOT}/Target Support Files/Pods-TestProj-TestProjUITests/Pods-TestProj-TestProjUITests-frameworks-${CONFIGURATION}-input-files.xcfilelist",
			);
			name = "[CP] Embed Pods Frameworks";
			outputFileListPaths = (
				"${PODS_ROOT}/Target Support Files/Pods-TestProj-TestProjUITests/Pods-TestProj-TestProjUITests-frameworks-${CONFIGURATION}-output-files.xcfilelist",
			);
			runOnlyForDeploymentPostprocessing = 0;
			shellPath = /bin/sh;
			shellScript = "\"${PODS_ROOT}/Target Support Files/Pods-TestProj-TestProjUITests/Pods-TestProj-TestProjUITests-frameworks.sh\"\n";
			showEnvVarsInLog = 0;
		};
		610B09020490AC59D738F034 /* [CP] Check Pods Manifest.lock */ = {
			isa = PBXShellScriptBuildPhase;
			buildActionMask = 2147483647;
			files = (
			);
			inputFileListPaths = (
			);
			inputPaths = (
				"${PODS_PODFILE_DIR_PATH}/Podfile.lock",
				"${PODS_ROOT}/Manifest.lock",
			);
			name = "[CP] Check Pods Manifest.lock";
			outputFileListPaths = (
			);
			outputPaths = (
				"$(DERIVED_FILE_DIR)/Pods-TestProj-TestProjUITests-checkManifestLockResult.txt",
			);
			runOnlyForDeploymentPostprocessing = 0;
			shellPath = /bin/sh;
			shellScript = "diff \"${PODS_PODFILE_DIR_PATH}/Podfile.lock\" \"${PODS_ROOT}/Manifest.lock\" > /dev/null\nif [ $? != 0 ] ; then\n    # print error to STDERR\n    echo \"error: The sandbox is not in sync with the Podfile.lock. Run 'pod install' or update your CocoaPods installation.\" >&2\n    exit 1\nfi\n# This output is used by Xcode 'outputs' to avoid re-running this script phase.\necho \"SUCCESS\" > \"${SCRIPT_OUTPUT_FILE_0}\"\n";
			showEnvVarsInLog = 0;
		};
		693089BC7A4E46D9B490BF0F /* [CP] Check Pods Manifest.lock */ = {
			isa = PBXShellScriptBuildPhase;
			buildActionMask = 2147483647;
			files = (
			);
			inputFileListPaths = (
			);
			inputPaths = (
				"${PODS_PODFILE_DIR_PATH}/Podfile.lock",
				"${PODS_ROOT}/Manifest.lock",
			);
			name = "[CP] Check Pods Manifest.lock";
			outputFileListPaths = (
			);
			outputPaths = (
				"$(DERIVED_FILE_DIR)/Pods-TestProj-checkManifestLockResult.txt",
			);
			runOnlyForDeploymentPostprocessing = 0;
			shellPath = /bin/sh;
			shellScript = "diff \"${PODS_PODFILE_DIR_PATH}/Podfile.lock\" \"${PODS_ROOT}/Manifest.lock\" > /dev/null\nif [ $? != 0 ] ; then\n    # print error to STDERR\n    echo \"error: The sandbox is not in sync with the Podfile.lock. Run 'pod install' or update your CocoaPods installation.\" >&2\n    exit 1\nfi\n# This output is used by Xcode 'outputs' to avoid re-running this script phase.\necho \"SUCCESS\" > \"${SCRIPT_OUTPUT_FILE_0}\"\n";
			showEnvVarsInLog = 0;
		};
		836527183823415A9039FEFB /* [CP] Embed Pods Frameworks */ = {
			isa = PBXShellScriptBuildPhase;
			buildActionMask = 2147483647;
			files = (
			);
			inputFileListPaths = (
				"${PODS_ROOT}/Target Support Files/Pods-TestProj/Pods-TestProj-frameworks-${CONFIGURATION}-input-files.xcfilelist",
			);
			name = "[CP] Embed Pods Frameworks";
			outputFileListPaths = (
				"${PODS_ROOT}/Target Support Files/Pods-TestProj/Pods-TestProj-frameworks-${CONFIGURATION}-output-files.xcfilelist",
			);
			runOnlyForDeploymentPostprocessing = 0;
			shellPath = /bin/sh;
			shellScript = "\"${PODS_ROOT}/Target Support Files/Pods-TestProj/Pods-TestProj-frameworks.sh\"\n";
			showEnvVarsInLog = 0;
		};
/* End PBXShellScriptBuildPhase section */

/* Begin PBXSourcesBuildPhase section */
		520A654E242181CF0059F2A6 /* Sources */ = {
			isa = PBXSourcesBuildPhase;
			buildActionMask = 2147483647;
			files = (
				520A655A242181CF0059F2A6 /* ViewController.swift in Sources */,
				520A6556242181CF0059F2A6 /* AppDelegate.swift in Sources */,
				520A6558242181CF0059F2A6 /* SceneDelegate.swift in Sources */,
			);
			runOnlyForDeploymentPostprocessing = 0;
		};
		520A6564242181D40059F2A6 /* Sources */ = {
			isa = PBXSourcesBuildPhase;
			buildActionMask = 2147483647;
			files = (
				520A656D242181D40059F2A6 /* TestProjTests.swift in Sources */,
			);
			runOnlyForDeploymentPostprocessing = 0;
		};
		520A656F242181D40059F2A6 /* Sources */ = {
			isa = PBXSourcesBuildPhase;
			buildActionMask = 2147483647;
			files = (
				520A6578242181D40059F2A6 /* TestProjUITests.swift in Sources */,
			);
			runOnlyForDeploymentPostprocessing = 0;
		};
/* End PBXSourcesBuildPhase section */

/* Begin PBXTargetDependency section */
		520A656A242181D40059F2A6 /* PBXTargetDependency */ = {
			isa = PBXTargetDependency;
			target = 520A6551242181CF0059F2A6 /* TestProj */;
			targetProxy = 520A6569242181D40059F2A6 /* PBXContainerItemProxy */;
		};
		520A6575242181D40059F2A6 /* PBXTargetDependency */ = {
			isa = PBXTargetDependency;
			target = 520A6551242181CF0059F2A6 /* TestProj */;
			targetProxy = 520A6574242181D40059F2A6 /* PBXContainerItemProxy */;
		};
/* End PBXTargetDependency section */

/* Begin PBXVariantGroup section */
		520A655B242181CF0059F2A6 /* Main.storyboard */ = {
			isa = PBXVariantGroup;
			children = (
				520A655C242181CF0059F2A6 /* Base */,
			);
			name = Main.storyboard;
			sourceTree = "<group>";
		};
		520A6560242181D40059F2A6 /* LaunchScreen.storyboard */ = {
			isa = PBXVariantGroup;
			children = (
				520A6561242181D40059F2A6 /* Base */,
			);
			name = LaunchScreen.storyboard;
			sourceTree = "<group>";
		};
/* End PBXVariantGroup section */

/* Begin XCBuildConfiguration section */
		520A657A242181D40059F2A6 /* Debug */ = {
			isa = XCBuildConfiguration;
			buildSettings = {
				ALWAYS_SEARCH_USER_PATHS = NO;
				CLANG_ANALYZER_NONNULL = YES;
				CLANG_ANALYZER_NUMBER_OBJECT_CONVERSION = YES_AGGRESSIVE;
				CLANG_CXX_LANGUAGE_STANDARD = "gnu++14";
				CLANG_CXX_LIBRARY = "libc++";
				CLANG_ENABLE_MODULES = YES;
				CLANG_ENABLE_OBJC_ARC = YES;
				CLANG_ENABLE_OBJC_WEAK = YES;
				CLANG_WARN_BLOCK_CAPTURE_AUTORELEASING = YES;
				CLANG_WARN_BOOL_CONVERSION = YES;
				CLANG_WARN_COMMA = YES;
				CLANG_WARN_CONSTANT_CONVERSION = YES;
				CLANG_WARN_DEPRECATED_OBJC_IMPLEMENTATIONS = YES;
				CLANG_WARN_DIRECT_OBJC_ISA_USAGE = YES_ERROR;
				CLANG_WARN_DOCUMENTATION_COMMENTS = YES;
				CLANG_WARN_EMPTY_BODY = YES;
				CLANG_WARN_ENUM_CONVERSION = YES;
				CLANG_WARN_INFINITE_RECURSION = YES;
				CLANG_WARN_INT_CONVERSION = YES;
				CLANG_WARN_NON_LITERAL_NULL_CONVERSION = YES;
				CLANG_WARN_OBJC_IMPLICIT_RETAIN_SELF = YES;
				CLANG_WARN_OBJC_LITERAL_CONVERSION = YES;
				CLANG_WARN_OBJC_ROOT_CLASS = YES_ERROR;
				CLANG_WARN_RANGE_LOOP_ANALYSIS = YES;
				CLANG_WARN_STRICT_PROTOTYPES = YES;
				CLANG_WARN_SUSPICIOUS_MOVE = YES;
				CLANG_WARN_UNGUARDED_AVAILABILITY = YES_AGGRESSIVE;
				CLANG_WARN_UNREACHABLE_CODE = YES;
				CLANG_WARN__DUPLICATE_METHOD_MATCH = YES;
				COPY_PHASE_STRIP = NO;
				DEBUG_INFORMATION_FORMAT = dwarf;
				ENABLE_STRICT_OBJC_MSGSEND = YES;
				ENABLE_TESTABILITY = YES;
				GCC_C_LANGUAGE_STANDARD = gnu11;
				GCC_DYNAMIC_NO_PIC = NO;
				GCC_NO_COMMON_BLOCKS = YES;
				GCC_OPTIMIZATION_LEVEL = 0;
				GCC_PREPROCESSOR_DEFINITIONS = (
					"DEBUG=1",
					"$(inherited)",
				);
				GCC_WARN_64_TO_32_BIT_CONVERSION = YES;
				GCC_WARN_ABOUT_RETURN_TYPE = YES_ERROR;
				GCC_WARN_UNDECLARED_SELECTOR = YES;
				GCC_WARN_UNINITIALIZED_AUTOS = YES_AGGRESSIVE;
				GCC_WARN_UNUSED_FUNCTION = YES;
				GCC_WARN_UNUSED_VARIABLE = YES;
				IPHONEOS_DEPLOYMENT_TARGET = 13.2;
				MTL_ENABLE_DEBUG_INFO = INCLUDE_SOURCE;
				MTL_FAST_MATH = YES;
				ONLY_ACTIVE_ARCH = YES;
				SDKROOT = iphoneos;
				SWIFT_ACTIVE_COMPILATION_CONDITIONS = DEBUG;
				SWIFT_OPTIMIZATION_LEVEL = "-Onone";
			};
			name = Debug;
		};
		520A657B242181D40059F2A6 /* Release */ = {
			isa = XCBuildConfiguration;
			buildSettings = {
				ALWAYS_SEARCH_USER_PATHS = NO;
				CLANG_ANALYZER_NONNULL = YES;
				CLANG_ANALYZER_NUMBER_OBJECT_CONVERSION = YES_AGGRESSIVE;
				CLANG_CXX_LANGUAGE_STANDARD = "gnu++14";
				CLANG_CXX_LIBRARY = "libc++";
				CLANG_ENABLE_MODULES = YES;
				CLANG_ENABLE_OBJC_ARC = YES;
				CLANG_ENABLE_OBJC_WEAK = YES;
				CLANG_WARN_BLOCK_CAPTURE_AUTORELEASING = YES;
				CLANG_WARN_BOOL_CONVERSION = YES;
				CLANG_WARN_COMMA = YES;
				CLANG_WARN_CONSTANT_CONVERSION = YES;
				CLANG_WARN_DEPRECATED_OBJC_IMPLEMENTATIONS = YES;
				CLANG_WARN_DIRECT_OBJC_ISA_USAGE = YES_ERROR;
				CLANG_WARN_DOCUMENTATION_COMMENTS = YES;
				CLANG_WARN_EMPTY_BODY = YES;
				CLANG_WARN_ENUM_CONVERSION = YES;
				CLANG_WARN_INFINITE_RECURSION = YES;
				CLANG_WARN_INT_CONVERSION = YES;
				CLANG_WARN_NON_LITERAL_NULL_CONVERSION = YES;
				CLANG_WARN_OBJC_IMPLICIT_RETAIN_SELF = YES;
				CLANG_WARN_OBJC_LITERAL_CONVERSION = YES;
				CLANG_WARN_OBJC_ROOT_CLASS = YES_ERROR;
				CLANG_WARN_RANGE_LOOP_ANALYSIS = YES;
				CLANG_WARN_STRICT_PROTOTYPES = YES;
				CLANG_WARN_SUSPICIOUS_MOVE = YES;
				CLANG_WARN_UNGUARDED_AVAILABILITY = YES_AGGRESSIVE;
				CLANG_WARN_UNREACHABLE_CODE = YES;
				CLANG_WARN__DUPLICATE_METHOD_MATCH = YES;
				COPY_PHASE_STRIP = NO;
				DEBUG_INFORMATION_FORMAT = "dwarf-with-dsym";
				ENABLE_NS_ASSERTIONS = NO;
				ENABLE_STRICT_OBJC_MSGSEND = YES;
				GCC_C_LANGUAGE_STANDARD = gnu11;
				GCC_NO_COMMON_BLOCKS = YES;
				GCC_WARN_64_TO_32_BIT_CONVERSION = YES;
				GCC_WARN_ABOUT_RETURN_TYPE = YES_ERROR;
				GCC_WARN_UNDECLARED_SELECTOR = YES;
				GCC_WARN_UNINITIALIZED_AUTOS = YES_AGGRESSIVE;
				GCC_WARN_UNUSED_FUNCTION = YES;
				GCC_WARN_UNUSED_VARIABLE = YES;
				IPHONEOS_DEPLOYMENT_TARGET = 13.2;
				MTL_ENABLE_DEBUG_INFO = NO;
				MTL_FAST_MATH = YES;
				SDKROOT = iphoneos;
				SWIFT_COMPILATION_MODE = wholemodule;
				SWIFT_OPTIMIZATION_LEVEL = "-O";
				VALIDATE_PRODUCT = YES;
			};
			name = Release;
		};
		520A657D242181D40059F2A6 /* Debug */ = {
			isa = XCBuildConfiguration;
			baseConfigurationReference = 8A07333D4C8C1DA030BBBC04 /* Pods-TestProj.debug.xcconfig */;
			buildSettings = {
				ASSETCATALOG_COMPILER_APPICON_NAME = AppIcon;
				CODE_SIGN_STYLE = Automatic;
				DEVELOPMENT_TEAM = L6PTUKV9H9;
				INFOPLIST_FILE = TestProj/Info.plist;
				LD_RUNPATH_SEARCH_PATHS = (
					"$(inherited)",
					"@executable_path/Frameworks",
				);
				PRODUCT_BUNDLE_IDENTIFIER = com.alhamrani.mpos.TestProj;
				PRODUCT_NAME = "$(TARGET_NAME)";
				SWIFT_VERSION = 5.0;
				TARGETED_DEVICE_FAMILY = "1,2";
			};
			name = Debug;
		};
		520A657E242181D40059F2A6 /* Release */ = {
			isa = XCBuildConfiguration;
			baseConfigurationReference = AD95128BA980A0287F407A4A /* Pods-TestProj.release.xcconfig */;
			buildSettings = {
				ASSETCATALOG_COMPILER_APPICON_NAME = AppIcon;
				CODE_SIGN_STYLE = Automatic;
				DEVELOPMENT_TEAM = L6PTUKV9H9;
				INFOPLIST_FILE = TestProj/Info.plist;
				LD_RUNPATH_SEARCH_PATHS = (
					"$(inherited)",
					"@executable_path/Frameworks",
				);
				PRODUCT_BUNDLE_IDENTIFIER = com.alhamrani.mpos.TestProj;
				PRODUCT_NAME = "$(TARGET_NAME)";
				SWIFT_VERSION = 5.0;
				TARGETED_DEVICE_FAMILY = "1,2";
			};
			name = Release;
		};
		520A6580242181D40059F2A6 /* Debug */ = {
			isa = XCBuildConfiguration;
			baseConfigurationReference = ACBD734058303ADC99CACAE0 /* Pods-TestProjTests.debug.xcconfig */;
			buildSettings = {
				ALWAYS_EMBED_SWIFT_STANDARD_LIBRARIES = YES;
				BUNDLE_LOADER = "$(TEST_HOST)";
				CODE_SIGN_STYLE = Automatic;
				DEVELOPMENT_TEAM = L6PTUKV9H9;
				INFOPLIST_FILE = TestProjTests/Info.plist;
				IPHONEOS_DEPLOYMENT_TARGET = 13.2;
				LD_RUNPATH_SEARCH_PATHS = (
					"$(inherited)",
					"@executable_path/Frameworks",
					"@loader_path/Frameworks",
				);
				PRODUCT_BUNDLE_IDENTIFIER = com.alhamrani.mpos.TestProjTests;
				PRODUCT_NAME = "$(TARGET_NAME)";
				SWIFT_VERSION = 5.0;
				TARGETED_DEVICE_FAMILY = "1,2";
				TEST_HOST = "$(BUILT_PRODUCTS_DIR)/TestProj.app/TestProj";
			};
			name = Debug;
		};
		520A6581242181D40059F2A6 /* Release */ = {
			isa = XCBuildConfiguration;
			baseConfigurationReference = AAFC4865C27AB7428FD2348D /* Pods-TestProjTests.release.xcconfig */;
			buildSettings = {
				ALWAYS_EMBED_SWIFT_STANDARD_LIBRARIES = YES;
				BUNDLE_LOADER = "$(TEST_HOST)";
				CODE_SIGN_STYLE = Automatic;
				DEVELOPMENT_TEAM = L6PTUKV9H9;
				INFOPLIST_FILE = TestProjTests/Info.plist;
				IPHONEOS_DEPLOYMENT_TARGET = 13.2;
				LD_RUNPATH_SEARCH_PATHS = (
					"$(inherited)",
					"@executable_path/Frameworks",
					"@loader_path/Frameworks",
				);
				PRODUCT_BUNDLE_IDENTIFIER = com.alhamrani.mpos.TestProjTests;
				PRODUCT_NAME = "$(TARGET_NAME)";
				SWIFT_VERSION = 5.0;
				TARGETED_DEVICE_FAMILY = "1,2";
				TEST_HOST = "$(BUILT_PRODUCTS_DIR)/TestProj.app/TestProj";
			};
			name = Release;
		};
		520A6583242181D40059F2A6 /* Debug */ = {
			isa = XCBuildConfiguration;
			baseConfigurationReference = 802C0AC733C5EC8490D7A70A /* Pods-TestProj-TestProjUITests.debug.xcconfig */;
			buildSettings = {
				ALWAYS_EMBED_SWIFT_STANDARD_LIBRARIES = YES;
				CODE_SIGN_STYLE = Automatic;
				DEVELOPMENT_TEAM = L6PTUKV9H9;
				INFOPLIST_FILE = TestProjUITests/Info.plist;
				LD_RUNPATH_SEARCH_PATHS = (
					"$(inherited)",
					"@executable_path/Frameworks",
					"@loader_path/Frameworks",
				);
				PRODUCT_BUNDLE_IDENTIFIER = com.alhamrani.mpos.TestProjUITests;
				PRODUCT_NAME = "$(TARGET_NAME)";
				SWIFT_VERSION = 5.0;
				TARGETED_DEVICE_FAMILY = "1,2";
				TEST_TARGET_NAME = TestProj;
			};
			name = Debug;
		};
		520A6584242181D40059F2A6 /* Release */ = {
			isa = XCBuildConfiguration;
			baseConfigurationReference = 5F4EBC317E4A61F608454CE6 /* Pods-TestProj-TestProjUITests.release.xcconfig */;
			buildSettings = {
				ALWAYS_EMBED_SWIFT_STANDARD_LIBRARIES = YES;
				CODE_SIGN_STYLE = Automatic;
				DEVELOPMENT_TEAM = L6PTUKV9H9;
				INFOPLIST_FILE = TestProjUITests/Info.plist;
				LD_RUNPATH_SEARCH_PATHS = (
					"$(inherited)",
					"@executable_path/Frameworks",
					"@loader_path/Frameworks",
				);
				PRODUCT_BUNDLE_IDENTIFIER = com.alhamrani.mpos.TestProjUITests;
				PRODUCT_NAME = "$(TARGET_NAME)";
				SWIFT_VERSION = 5.0;
				TARGETED_DEVICE_FAMILY = "1,2";
				TEST_TARGET_NAME = TestProj;
			};
			name = Release;
		};
/* End XCBuildConfiguration section */

/* Begin XCConfigurationList section */
		520A654D242181CF0059F2A6 /* Build configuration list for PBXProject "TestProj" */ = {
			isa = XCConfigurationList;
			buildConfigurations = (
				520A657A242181D40059F2A6 /* Debug */,
				520A657B242181D40059F2A6 /* Release */,
			);
			defaultConfigurationIsVisible = 0;
			defaultConfigurationName = Release;
		};
		520A657C242181D40059F2A6 /* Build configuration list for PBXNativeTarget "TestProj" */ = {
			isa = XCConfigurationList;
			buildConfigurations = (
				520A657D242181D40059F2A6 /* Debug */,
				520A657E242181D40059F2A6 /* Release */,
			);
			defaultConfigurationIsVisible = 0;
			defaultConfigurationName = Release;
		};
		520A657F242181D40059F2A6 /* Build configuration list for PBXNativeTarget "TestProjTests" */ = {
			isa = XCConfigurationList;
			buildConfigurations = (
				520A6580242181D40059F2A6 /* Debug */,
				520A6581242181D40059F2A6 /* Release */,
			);
			defaultConfigurationIsVisible = 0;
			defaultConfigurationName = Release;
		};
		520A6582242181D40059F2A6 /* Build configuration list for PBXNativeTarget "TestProjUITests" */ = {
			isa = XCConfigurationList;
			buildConfigurations = (
				520A6583242181D40059F2A6 /* Debug */,
				520A6584242181D40059F2A6 /* Release */,
			);
			defaultConfigurationIsVisible = 0;
			defaultConfigurationName = Release;
		};
/* End XCConfigurationList section */
	};
	rootObject = 520A654A242181CF0059F2A6 /* Project object */;
}
